{
  "name": "app",
  "lockfileVersion": 2,
  "requires": true,
  "packages": {
    "": {
      "dependencies": {
        "create-next-app": "^12.2.5"
      }
    },
    "node_modules/create-next-app": {
      "version": "12.2.5",
      "resolved": "https://registry.npmjs.org/create-next-app/-/create-next-app-12.2.5.tgz",
      "integrity": "sha512-NaMprsZjdAY9zlo0EAxbcv2zPk0jIShqkco5OIwly4pD5b1knCqfft6l7zupqGvYp+qb2w2aZntQpGLTagmVUQ==",
      "bin": {
        "create-next-app": "dist/index.js"
      },
      "engines": {
        "node": ">=12.22.0"
      }
    }
  },
  "dependencies": {
    "create-next-app": {
      "version": "12.2.5",
      "resolved": "https://registry.npmjs.org/create-next-app/-/create-next-app-12.2.5.tgz",
      "integrity": "sha512-NaMprsZjdAY9zlo0EAxbcv2zPk0jIShqkco5OIwly4pD5b1knCqfft6l7zupqGvYp+qb2w2aZntQpGLTagmVUQ=="
    }
  }
}
